// !$*UTF8*$!
{
	archiveVersion = 1;
	classes = {
	};
	objectVersion = 46;
	objects = {

/* Begin PBXBuildFile section */
		04EE159499A84CA2BAB4AE7C /* libPods.a in Frameworks */ = {isa = PBXBuildFile; fileRef = 1D852725846A4619BFA2CA58 /* libPods.a */; };
		6D209455191BB9EB00B79CB5 /* EXORpcRecordRequestTest.m in Sources */ = {isa = PBXBuildFile; fileRef = 6D209454191BB9EB00B79CB5 /* EXORpcRecordRequestTest.m */; };
		6D20946A1921113800B79CB5 /* EXORpcRevokeRequestTest.m in Sources */ = {isa = PBXBuildFile; fileRef = 6D2094691921113800B79CB5 /* EXORpcRevokeRequestTest.m */; };
		6D28F89D18F448E40060A270 /* EXORpcInfoRequestTests.m in Sources */ = {isa = PBXBuildFile; fileRef = 6D28F89C18F448E40060A270 /* EXORpcInfoRequestTests.m */; };
		6D28F89F18F4492B0060A270 /* EXORpcResourceIDTests.m in Sources */ = {isa = PBXBuildFile; fileRef = 6D28F89E18F4492B0060A270 /* EXORpcResourceIDTests.m */; };
		6D2F151F1906CE3E00E71A00 /* EXORpcLookupRequestTests.m in Sources */ = {isa = PBXBuildFile; fileRef = 6D2F151E1906CE3E00E71A00 /* EXORpcLookupRequestTests.m */; };
		6D2F15211906D0A400E71A00 /* EXORpcMapRequestTest.m in Sources */ = {isa = PBXBuildFile; fileRef = 6D2F15201906D0A400E71A00 /* EXORpcMapRequestTest.m */; };
		6D35FAA519197088007458AF /* EXORpcValueTest.m in Sources */ = {isa = PBXBuildFile; fileRef = 6D35FAA419197088007458AF /* EXORpcValueTest.m */; };
		6D35FAC0191A73BB007458AF /* EXOBrowseExositeTableViewController.m in Sources */ = {isa = PBXBuildFile; fileRef = 6D35FABD191A73BB007458AF /* EXOBrowseExositeTableViewController.m */; };
		6D35FAC1191A73BB007458AF /* EXOLoginViewController.m in Sources */ = {isa = PBXBuildFile; fileRef = 6D35FABF191A73BB007458AF /* EXOLoginViewController.m */; };
		6D4DD595190946A000E63349 /* EXORpcResourceRetentionTest.m in Sources */ = {isa = PBXBuildFile; fileRef = 6D4DD594190946A000E63349 /* EXORpcResourceRetentionTest.m */; };
		6D4DD597190947ED00E63349 /* EXORpcDataportResourceTest.m in Sources */ = {isa = PBXBuildFile; fileRef = 6D4DD596190947ED00E63349 /* EXORpcDataportResourceTest.m */; };
		6D5A026B18BB927500237215 /* Foundation.framework in Frameworks */ = {isa = PBXBuildFile; fileRef = 6D5A026A18BB927500237215 /* Foundation.framework */; };
		6D5A026D18BB927500237215 /* CoreGraphics.framework in Frameworks */ = {isa = PBXBuildFile; fileRef = 6D5A026C18BB927500237215 /* CoreGraphics.framework */; };
		6D5A026F18BB927500237215 /* UIKit.framework in Frameworks */ = {isa = PBXBuildFile; fileRef = 6D5A026E18BB927500237215 /* UIKit.framework */; };
		6D5A027518BB927500237215 /* InfoPlist.strings in Resources */ = {isa = PBXBuildFile; fileRef = 6D5A027318BB927500237215 /* InfoPlist.strings */; };
		6D5A027718BB927500237215 /* main.m in Sources */ = {isa = PBXBuildFile; fileRef = 6D5A027618BB927500237215 /* main.m */; };
		6D5A027B18BB927500237215 /* EXOAppDelegate.m in Sources */ = {isa = PBXBuildFile; fileRef = 6D5A027A18BB927500237215 /* EXOAppDelegate.m */; };
		6D5A027E18BB927500237215 /* Main_iPhone.storyboard in Resources */ = {isa = PBXBuildFile; fileRef = 6D5A027C18BB927500237215 /* Main_iPhone.storyboard */; };
		6D5A028118BB927500237215 /* Main_iPad.storyboard in Resources */ = {isa = PBXBuildFile; fileRef = 6D5A027F18BB927500237215 /* Main_iPad.storyboard */; };
		6D5A028618BB927500237215 /* Images.xcassets in Resources */ = {isa = PBXBuildFile; fileRef = 6D5A028518BB927500237215 /* Images.xcassets */; };
		6D5A028D18BB927500237215 /* XCTest.framework in Frameworks */ = {isa = PBXBuildFile; fileRef = 6D5A028C18BB927500237215 /* XCTest.framework */; };
		6D5A028E18BB927500237215 /* Foundation.framework in Frameworks */ = {isa = PBXBuildFile; fileRef = 6D5A026A18BB927500237215 /* Foundation.framework */; };
		6D5A028F18BB927500237215 /* UIKit.framework in Frameworks */ = {isa = PBXBuildFile; fileRef = 6D5A026E18BB927500237215 /* UIKit.framework */; };
		6D5A029718BB927500237215 /* InfoPlist.strings in Resources */ = {isa = PBXBuildFile; fileRef = 6D5A029518BB927500237215 /* InfoPlist.strings */; };
		6DA4E94E192FAE0F002A20E6 /* EXORpcActivateRequestTest.m in Sources */ = {isa = PBXBuildFile; fileRef = 6DA4E94D192FAE0F002A20E6 /* EXORpcActivateRequestTest.m */; };
		6DA4E950192FB12B002A20E6 /* EXORpcClientResourceTest.m in Sources */ = {isa = PBXBuildFile; fileRef = 6DA4E94F192FB12B002A20E6 /* EXORpcClientResourceTest.m */; };
		6DA4E952192FCBE3002A20E6 /* EXORpcDispatchResourceTest.m in Sources */ = {isa = PBXBuildFile; fileRef = 6DA4E951192FCBE3002A20E6 /* EXORpcDispatchResourceTest.m */; };
		6DCC288C18D5318900DF7CD8 /* EXORpcAuthKeyTests.m in Sources */ = {isa = PBXBuildFile; fileRef = 6DCC288B18D5318900DF7CD8 /* EXORpcAuthKeyTests.m */; };
		6DCD642D193780E700BD34C6 /* EXORpcDeactivateRequestTest.m in Sources */ = {isa = PBXBuildFile; fileRef = 6DCD642C193780E700BD34C6 /* EXORpcDeactivateRequestTest.m */; };
		6DCD642F1937822500BD34C6 /* EXORpcDropRequestTest.m in Sources */ = {isa = PBXBuildFile; fileRef = 6DCD642E1937822500BD34C6 /* EXORpcDropRequestTest.m */; };
		6DCD6431193784DF00BD34C6 /* EXORpcFlushRequestTest.m in Sources */ = {isa = PBXBuildFile; fileRef = 6DCD6430193784DF00BD34C6 /* EXORpcFlushRequestTest.m */; };
		6DEE7109192681BF001F473F /* EXORpcUnmapRequestTest.m in Sources */ = {isa = PBXBuildFile; fileRef = 6DEE7108192681BF001F473F /* EXORpcUnmapRequestTest.m */; };
		881C3FDC37E849FA8A902F6E /* libPods.a in Frameworks */ = {isa = PBXBuildFile; fileRef = 1D852725846A4619BFA2CA58 /* libPods.a */; };
/* End PBXBuildFile section */

/* Begin PBXContainerItemProxy section */
		6D5A029018BB927500237215 /* PBXContainerItemProxy */ = {
			isa = PBXContainerItemProxy;
			containerPortal = 6D5A025F18BB927500237215 /* Project object */;
			proxyType = 1;
			remoteGlobalIDString = 6D5A026618BB927500237215;
			remoteInfo = CocoaOnePExample;
		};
/* End PBXContainerItemProxy section */

/* Begin PBXFileReference section */
		1D852725846A4619BFA2CA58 /* libPods.a */ = {isa = PBXFileReference; explicitFileType = archive.ar; includeInIndex = 0; path = libPods.a; sourceTree = BUILT_PRODUCTS_DIR; };
		6D209454191BB9EB00B79CB5 /* EXORpcRecordRequestTest.m */ = {isa = PBXFileReference; fileEncoding = 4; lastKnownFileType = sourcecode.c.objc; path = EXORpcRecordRequestTest.m; sourceTree = "<group>"; };
		6D2094691921113800B79CB5 /* EXORpcRevokeRequestTest.m */ = {isa = PBXFileReference; fileEncoding = 4; lastKnownFileType = sourcecode.c.objc; path = EXORpcRevokeRequestTest.m; sourceTree = "<group>"; };
		6D28F89C18F448E40060A270 /* EXORpcInfoRequestTests.m */ = {isa = PBXFileReference; fileEncoding = 4; lastKnownFileType = sourcecode.c.objc; path = EXORpcInfoRequestTests.m; sourceTree = "<group>"; };
		6D28F89E18F4492B0060A270 /* EXORpcResourceIDTests.m */ = {isa = PBXFileReference; fileEncoding = 4; lastKnownFileType = sourcecode.c.objc; path = EXORpcResourceIDTests.m; sourceTree = "<group>"; };
		6D2F151E1906CE3E00E71A00 /* EXORpcLookupRequestTests.m */ = {isa = PBXFileReference; fileEncoding = 4; lastKnownFileType = sourcecode.c.objc; path = EXORpcLookupRequestTests.m; sourceTree = "<group>"; };
		6D2F15201906D0A400E71A00 /* EXORpcMapRequestTest.m */ = {isa = PBXFileReference; fileEncoding = 4; lastKnownFileType = sourcecode.c.objc; path = EXORpcMapRequestTest.m; sourceTree = "<group>"; };
		6D35FAA419197088007458AF /* EXORpcValueTest.m */ = {isa = PBXFileReference; fileEncoding = 4; lastKnownFileType = sourcecode.c.objc; path = EXORpcValueTest.m; sourceTree = "<group>"; };
		6D35FABC191A73BB007458AF /* EXOBrowseExositeTableViewController.h */ = {isa = PBXFileReference; fileEncoding = 4; lastKnownFileType = sourcecode.c.h; path = EXOBrowseExositeTableViewController.h; sourceTree = "<group>"; };
		6D35FABD191A73BB007458AF /* EXOBrowseExositeTableViewController.m */ = {isa = PBXFileReference; fileEncoding = 4; lastKnownFileType = sourcecode.c.objc; path = EXOBrowseExositeTableViewController.m; sourceTree = "<group>"; };
		6D35FABE191A73BB007458AF /* EXOLoginViewController.h */ = {isa = PBXFileReference; fileEncoding = 4; lastKnownFileType = sourcecode.c.h; path = EXOLoginViewController.h; sourceTree = "<group>"; };
		6D35FABF191A73BB007458AF /* EXOLoginViewController.m */ = {isa = PBXFileReference; fileEncoding = 4; lastKnownFileType = sourcecode.c.objc; path = EXOLoginViewController.m; sourceTree = "<group>"; };
		6D4DD594190946A000E63349 /* EXORpcResourceRetentionTest.m */ = {isa = PBXFileReference; fileEncoding = 4; lastKnownFileType = sourcecode.c.objc; path = EXORpcResourceRetentionTest.m; sourceTree = "<group>"; };
		6D4DD596190947ED00E63349 /* EXORpcDataportResourceTest.m */ = {isa = PBXFileReference; fileEncoding = 4; lastKnownFileType = sourcecode.c.objc; path = EXORpcDataportResourceTest.m; sourceTree = "<group>"; };
		6D5A026718BB927500237215 /* CocoaOnePExample.app */ = {isa = PBXFileReference; explicitFileType = wrapper.application; includeInIndex = 0; path = CocoaOnePExample.app; sourceTree = BUILT_PRODUCTS_DIR; };
		6D5A026A18BB927500237215 /* Foundation.framework */ = {isa = PBXFileReference; lastKnownFileType = wrapper.framework; name = Foundation.framework; path = System/Library/Frameworks/Foundation.framework; sourceTree = SDKROOT; };
		6D5A026C18BB927500237215 /* CoreGraphics.framework */ = {isa = PBXFileReference; lastKnownFileType = wrapper.framework; name = CoreGraphics.framework; path = System/Library/Frameworks/CoreGraphics.framework; sourceTree = SDKROOT; };
		6D5A026E18BB927500237215 /* UIKit.framework */ = {isa = PBXFileReference; lastKnownFileType = wrapper.framework; name = UIKit.framework; path = System/Library/Frameworks/UIKit.framework; sourceTree = SDKROOT; };
		6D5A027218BB927500237215 /* CocoaOnePExample-Info.plist */ = {isa = PBXFileReference; lastKnownFileType = text.plist.xml; path = "CocoaOnePExample-Info.plist"; sourceTree = "<group>"; };
		6D5A027418BB927500237215 /* en */ = {isa = PBXFileReference; lastKnownFileType = text.plist.strings; name = en; path = en.lproj/InfoPlist.strings; sourceTree = "<group>"; };
		6D5A027618BB927500237215 /* main.m */ = {isa = PBXFileReference; lastKnownFileType = sourcecode.c.objc; path = main.m; sourceTree = "<group>"; };
		6D5A027818BB927500237215 /* CocoaOnePExample-Prefix.pch */ = {isa = PBXFileReference; lastKnownFileType = sourcecode.c.h; path = "CocoaOnePExample-Prefix.pch"; sourceTree = "<group>"; };
		6D5A027918BB927500237215 /* EXOAppDelegate.h */ = {isa = PBXFileReference; lastKnownFileType = sourcecode.c.h; path = EXOAppDelegate.h; sourceTree = "<group>"; };
		6D5A027A18BB927500237215 /* EXOAppDelegate.m */ = {isa = PBXFileReference; lastKnownFileType = sourcecode.c.objc; path = EXOAppDelegate.m; sourceTree = "<group>"; };
		6D5A027D18BB927500237215 /* Base */ = {isa = PBXFileReference; lastKnownFileType = file.storyboard; name = Base; path = Base.lproj/Main_iPhone.storyboard; sourceTree = "<group>"; };
		6D5A028018BB927500237215 /* Base */ = {isa = PBXFileReference; lastKnownFileType = file.storyboard; name = Base; path = Base.lproj/Main_iPad.storyboard; sourceTree = "<group>"; };
		6D5A028518BB927500237215 /* Images.xcassets */ = {isa = PBXFileReference; lastKnownFileType = folder.assetcatalog; path = Images.xcassets; sourceTree = "<group>"; };
		6D5A028B18BB927500237215 /* CocoaOnePExampleTests.xctest */ = {isa = PBXFileReference; explicitFileType = wrapper.cfbundle; includeInIndex = 0; path = CocoaOnePExampleTests.xctest; sourceTree = BUILT_PRODUCTS_DIR; };
		6D5A028C18BB927500237215 /* XCTest.framework */ = {isa = PBXFileReference; lastKnownFileType = wrapper.framework; name = XCTest.framework; path = Library/Frameworks/XCTest.framework; sourceTree = DEVELOPER_DIR; };
		6D5A029418BB927500237215 /* CocoaOnePExampleTests-Info.plist */ = {isa = PBXFileReference; lastKnownFileType = text.plist.xml; path = "CocoaOnePExampleTests-Info.plist"; sourceTree = "<group>"; };
		6D5A029618BB927500237215 /* en */ = {isa = PBXFileReference; lastKnownFileType = text.plist.strings; name = en; path = en.lproj/InfoPlist.strings; sourceTree = "<group>"; };
		6DA4E94D192FAE0F002A20E6 /* EXORpcActivateRequestTest.m */ = {isa = PBXFileReference; fileEncoding = 4; lastKnownFileType = sourcecode.c.objc; path = EXORpcActivateRequestTest.m; sourceTree = "<group>"; };
		6DA4E94F192FB12B002A20E6 /* EXORpcClientResourceTest.m */ = {isa = PBXFileReference; fileEncoding = 4; lastKnownFileType = sourcecode.c.objc; path = EXORpcClientResourceTest.m; sourceTree = "<group>"; };
		6DA4E951192FCBE3002A20E6 /* EXORpcDispatchResourceTest.m */ = {isa = PBXFileReference; fileEncoding = 4; lastKnownFileType = sourcecode.c.objc; path = EXORpcDispatchResourceTest.m; sourceTree = "<group>"; };
		6DCC288B18D5318900DF7CD8 /* EXORpcAuthKeyTests.m */ = {isa = PBXFileReference; fileEncoding = 4; lastKnownFileType = sourcecode.c.objc; path = EXORpcAuthKeyTests.m; sourceTree = "<group>"; };
		6DCD642C193780E700BD34C6 /* EXORpcDeactivateRequestTest.m */ = {isa = PBXFileReference; fileEncoding = 4; lastKnownFileType = sourcecode.c.objc; path = EXORpcDeactivateRequestTest.m; sourceTree = "<group>"; };
		6DCD642E1937822500BD34C6 /* EXORpcDropRequestTest.m */ = {isa = PBXFileReference; fileEncoding = 4; lastKnownFileType = sourcecode.c.objc; path = EXORpcDropRequestTest.m; sourceTree = "<group>"; };
		6DCD6430193784DF00BD34C6 /* EXORpcFlushRequestTest.m */ = {isa = PBXFileReference; fileEncoding = 4; lastKnownFileType = sourcecode.c.objc; path = EXORpcFlushRequestTest.m; sourceTree = "<group>"; };
		6DEE7108192681BF001F473F /* EXORpcUnmapRequestTest.m */ = {isa = PBXFileReference; fileEncoding = 4; lastKnownFileType = sourcecode.c.objc; path = EXORpcUnmapRequestTest.m; sourceTree = "<group>"; };
		E0E9FB18997D46AA84CE96FD /* Pods.xcconfig */ = {isa = PBXFileReference; includeInIndex = 1; lastKnownFileType = text.xcconfig; name = Pods.xcconfig; path = ../Pods/Pods.xcconfig; sourceTree = "<group>"; };
/* End PBXFileReference section */

/* Begin PBXFrameworksBuildPhase section */
		6D5A026418BB927500237215 /* Frameworks */ = {
			isa = PBXFrameworksBuildPhase;
			buildActionMask = 2147483647;
			files = (
				6D5A026D18BB927500237215 /* CoreGraphics.framework in Frameworks */,
				6D5A026F18BB927500237215 /* UIKit.framework in Frameworks */,
				6D5A026B18BB927500237215 /* Foundation.framework in Frameworks */,
				04EE159499A84CA2BAB4AE7C /* libPods.a in Frameworks */,
			);
			runOnlyForDeploymentPostprocessing = 0;
		};
		6D5A028818BB927500237215 /* Frameworks */ = {
			isa = PBXFrameworksBuildPhase;
			buildActionMask = 2147483647;
			files = (
				6D5A028D18BB927500237215 /* XCTest.framework in Frameworks */,
				6D5A028F18BB927500237215 /* UIKit.framework in Frameworks */,
				6D5A028E18BB927500237215 /* Foundation.framework in Frameworks */,
				881C3FDC37E849FA8A902F6E /* libPods.a in Frameworks */,
			);
			runOnlyForDeploymentPostprocessing = 0;
		};
/* End PBXFrameworksBuildPhase section */

/* Begin PBXGroup section */
		6D5A025E18BB927500237215 = {
			isa = PBXGroup;
			children = (
				6D5A027018BB927500237215 /* CocoaOnePExample */,
				6D5A029218BB927500237215 /* CocoaOnePExampleTests */,
				6D5A026918BB927500237215 /* Frameworks */,
				6D5A026818BB927500237215 /* Products */,
				E0E9FB18997D46AA84CE96FD /* Pods.xcconfig */,
			);
			sourceTree = "<group>";
		};
		6D5A026818BB927500237215 /* Products */ = {
			isa = PBXGroup;
			children = (
				6D5A026718BB927500237215 /* CocoaOnePExample.app */,
				6D5A028B18BB927500237215 /* CocoaOnePExampleTests.xctest */,
			);
			name = Products;
			sourceTree = "<group>";
		};
		6D5A026918BB927500237215 /* Frameworks */ = {
			isa = PBXGroup;
			children = (
				6D5A026A18BB927500237215 /* Foundation.framework */,
				6D5A026C18BB927500237215 /* CoreGraphics.framework */,
				6D5A026E18BB927500237215 /* UIKit.framework */,
				6D5A028C18BB927500237215 /* XCTest.framework */,
				1D852725846A4619BFA2CA58 /* libPods.a */,
			);
			name = Frameworks;
			sourceTree = "<group>";
		};
		6D5A027018BB927500237215 /* CocoaOnePExample */ = {
			isa = PBXGroup;
			children = (
				6D5A027918BB927500237215 /* EXOAppDelegate.h */,
				6D5A027A18BB927500237215 /* EXOAppDelegate.m */,
				6D5A027C18BB927500237215 /* Main_iPhone.storyboard */,
				6D5A027F18BB927500237215 /* Main_iPad.storyboard */,
				6D35FABE191A73BB007458AF /* EXOLoginViewController.h */,
				6D35FABF191A73BB007458AF /* EXOLoginViewController.m */,
				6D35FABC191A73BB007458AF /* EXOBrowseExositeTableViewController.h */,
				6D35FABD191A73BB007458AF /* EXOBrowseExositeTableViewController.m */,
				6D5A028518BB927500237215 /* Images.xcassets */,
				6D5A027118BB927500237215 /* Supporting Files */,
			);
			path = CocoaOnePExample;
			sourceTree = "<group>";
		};
		6D5A027118BB927500237215 /* Supporting Files */ = {
			isa = PBXGroup;
			children = (
				6D5A027218BB927500237215 /* CocoaOnePExample-Info.plist */,
				6D5A027318BB927500237215 /* InfoPlist.strings */,
				6D5A027618BB927500237215 /* main.m */,
				6D5A027818BB927500237215 /* CocoaOnePExample-Prefix.pch */,
			);
			name = "Supporting Files";
			sourceTree = "<group>";
		};
		6D5A029218BB927500237215 /* CocoaOnePExampleTests */ = {
			isa = PBXGroup;
			children = (
				6DA4E94D192FAE0F002A20E6 /* EXORpcActivateRequestTest.m */,
				6DCC288B18D5318900DF7CD8 /* EXORpcAuthKeyTests.m */,
				6DA4E94F192FB12B002A20E6 /* EXORpcClientResourceTest.m */,
				6D4DD596190947ED00E63349 /* EXORpcDataportResourceTest.m */,
				6DA4E951192FCBE3002A20E6 /* EXORpcDispatchResourceTest.m */,
				6DCD642C193780E700BD34C6 /* EXORpcDeactivateRequestTest.m */,
				6DCD642E1937822500BD34C6 /* EXORpcDropRequestTest.m */,
				6DCD6430193784DF00BD34C6 /* EXORpcFlushRequestTest.m */,
				6D209454191BB9EB00B79CB5 /* EXORpcRecordRequestTest.m */,
				6D28F89E18F4492B0060A270 /* EXORpcResourceIDTests.m */,
				6D4DD594190946A000E63349 /* EXORpcResourceRetentionTest.m */,
				6D28F89C18F448E40060A270 /* EXORpcInfoRequestTests.m */,
				6D2F151E1906CE3E00E71A00 /* EXORpcLookupRequestTests.m */,
				6D2F15201906D0A400E71A00 /* EXORpcMapRequestTest.m */,
				6D2094691921113800B79CB5 /* EXORpcRevokeRequestTest.m */,
				6DEE7108192681BF001F473F /* EXORpcUnmapRequestTest.m */,
				6D35FAA419197088007458AF /* EXORpcValueTest.m */,
				6D5A029318BB927500237215 /* Supporting Files */,
			);
			path = CocoaOnePExampleTests;
			sourceTree = "<group>";
		};
		6D5A029318BB927500237215 /* Supporting Files */ = {
			isa = PBXGroup;
			children = (
				6D5A029418BB927500237215 /* CocoaOnePExampleTests-Info.plist */,
				6D5A029518BB927500237215 /* InfoPlist.strings */,
			);
			name = "Supporting Files";
			sourceTree = "<group>";
		};
/* End PBXGroup section */

/* Begin PBXNativeTarget section */
		6D5A026618BB927500237215 /* CocoaOnePExample */ = {
			isa = PBXNativeTarget;
			buildConfigurationList = 6D5A029C18BB927500237215 /* Build configuration list for PBXNativeTarget "CocoaOnePExample" */;
			buildPhases = (
				9B2DA4B6E3D24F159F53B1DC /* Check Pods Manifest.lock */,
				6D5A026318BB927500237215 /* Sources */,
				6D5A026418BB927500237215 /* Frameworks */,
				6D5A026518BB927500237215 /* Resources */,
				B1F8EAF7E438493BA577569F /* Copy Pods Resources */,
			);
			buildRules = (
			);
			dependencies = (
			);
			name = CocoaOnePExample;
			productName = CocoaOnePExample;
			productReference = 6D5A026718BB927500237215 /* CocoaOnePExample.app */;
			productType = "com.apple.product-type.application";
		};
		6D5A028A18BB927500237215 /* CocoaOnePExampleTests */ = {
			isa = PBXNativeTarget;
			buildConfigurationList = 6D5A029F18BB927500237215 /* Build configuration list for PBXNativeTarget "CocoaOnePExampleTests" */;
			buildPhases = (
				782346CA7CA24C62A45C09DD /* Check Pods Manifest.lock */,
				6D5A028718BB927500237215 /* Sources */,
				6D5A028818BB927500237215 /* Frameworks */,
				6D5A028918BB927500237215 /* Resources */,
				6B59A894BF3941EEB349DC8B /* Copy Pods Resources */,
			);
			buildRules = (
			);
			dependencies = (
				6D5A029118BB927500237215 /* PBXTargetDependency */,
			);
			name = CocoaOnePExampleTests;
			productName = CocoaOnePExampleTests;
			productReference = 6D5A028B18BB927500237215 /* CocoaOnePExampleTests.xctest */;
			productType = "com.apple.product-type.bundle.unit-test";
		};
/* End PBXNativeTarget section */

/* Begin PBXProject section */
		6D5A025F18BB927500237215 /* Project object */ = {
			isa = PBXProject;
			attributes = {
				CLASSPREFIX = EXO;
				LastUpgradeCheck = 0510;
				ORGANIZATIONNAME = Exosite;
				TargetAttributes = {
					6D5A026618BB927500237215 = {
						DevelopmentTeam = 8X9429E6C2;
					};
					6D5A028A18BB927500237215 = {
						TestTargetID = 6D5A026618BB927500237215;
					};
				};
			};
			buildConfigurationList = 6D5A026218BB927500237215 /* Build configuration list for PBXProject "CocoaOnePExample" */;
			compatibilityVersion = "Xcode 3.2";
			developmentRegion = English;
			hasScannedForEncodings = 0;
			knownRegions = (
				en,
				Base,
			);
			mainGroup = 6D5A025E18BB927500237215;
			productRefGroup = 6D5A026818BB927500237215 /* Products */;
			projectDirPath = "";
			projectRoot = "";
			targets = (
				6D5A026618BB927500237215 /* CocoaOnePExample */,
				6D5A028A18BB927500237215 /* CocoaOnePExampleTests */,
			);
		};
/* End PBXProject section */

/* Begin PBXResourcesBuildPhase section */
		6D5A026518BB927500237215 /* Resources */ = {
			isa = PBXResourcesBuildPhase;
			buildActionMask = 2147483647;
			files = (
				6D5A028118BB927500237215 /* Main_iPad.storyboard in Resources */,
				6D5A028618BB927500237215 /* Images.xcassets in Resources */,
				6D5A027E18BB927500237215 /* Main_iPhone.storyboard in Resources */,
				6D5A027518BB927500237215 /* InfoPlist.strings in Resources */,
			);
			runOnlyForDeploymentPostprocessing = 0;
		};
		6D5A028918BB927500237215 /* Resources */ = {
			isa = PBXResourcesBuildPhase;
			buildActionMask = 2147483647;
			files = (
				6D5A029718BB927500237215 /* InfoPlist.strings in Resources */,
			);
			runOnlyForDeploymentPostprocessing = 0;
		};
/* End PBXResourcesBuildPhase section */

/* Begin PBXShellScriptBuildPhase section */
		6B59A894BF3941EEB349DC8B /* Copy Pods Resources */ = {
			isa = PBXShellScriptBuildPhase;
			buildActionMask = 2147483647;
			files = (
			);
			inputPaths = (
			);
			name = "Copy Pods Resources";
			outputPaths = (
			);
			runOnlyForDeploymentPostprocessing = 0;
			shellPath = /bin/sh;
			shellScript = "\"${SRCROOT}/../Pods/Pods-resources.sh\"\n";
			showEnvVarsInLog = 0;
		};
		782346CA7CA24C62A45C09DD /* Check Pods Manifest.lock */ = {
			isa = PBXShellScriptBuildPhase;
			buildActionMask = 2147483647;
			files = (
			);
			inputPaths = (
			);
			name = "Check Pods Manifest.lock";
			outputPaths = (
			);
			runOnlyForDeploymentPostprocessing = 0;
			shellPath = /bin/sh;
			shellScript = "diff \"${PODS_ROOT}/../Podfile.lock\" \"${PODS_ROOT}/Manifest.lock\" > /dev/null\nif [[ $? != 0 ]] ; then\n    cat << EOM\nerror: The sandbox is not in sync with the Podfile.lock. Run 'pod install' or update your CocoaPods installation.\nEOM\n    exit 1\nfi\n";
			showEnvVarsInLog = 0;
		};
		9B2DA4B6E3D24F159F53B1DC /* Check Pods Manifest.lock */ = {
			isa = PBXShellScriptBuildPhase;
			buildActionMask = 2147483647;
			files = (
			);
			inputPaths = (
			);
			name = "Check Pods Manifest.lock";
			outputPaths = (
			);
			runOnlyForDeploymentPostprocessing = 0;
			shellPath = /bin/sh;
			shellScript = "diff \"${PODS_ROOT}/../Podfile.lock\" \"${PODS_ROOT}/Manifest.lock\" > /dev/null\nif [[ $? != 0 ]] ; then\n    cat << EOM\nerror: The sandbox is not in sync with the Podfile.lock. Run 'pod install' or update your CocoaPods installation.\nEOM\n    exit 1\nfi\n";
			showEnvVarsInLog = 0;
		};
		B1F8EAF7E438493BA577569F /* Copy Pods Resources */ = {
			isa = PBXShellScriptBuildPhase;
			buildActionMask = 2147483647;
			files = (
			);
			inputPaths = (
			);
			name = "Copy Pods Resources";
			outputPaths = (
			);
			runOnlyForDeploymentPostprocessing = 0;
			shellPath = /bin/sh;
			shellScript = "\"${SRCROOT}/../Pods/Pods-resources.sh\"\n";
			showEnvVarsInLog = 0;
		};
/* End PBXShellScriptBuildPhase section */

/* Begin PBXSourcesBuildPhase section */
		6D5A026318BB927500237215 /* Sources */ = {
			isa = PBXSourcesBuildPhase;
			buildActionMask = 2147483647;
			files = (
				6D35FAC1191A73BB007458AF /* EXOLoginViewController.m in Sources */,
				6D5A027718BB927500237215 /* main.m in Sources */,
				6D35FAC0191A73BB007458AF /* EXOBrowseExositeTableViewController.m in Sources */,
				6D5A027B18BB927500237215 /* EXOAppDelegate.m in Sources */,
			);
			runOnlyForDeploymentPostprocessing = 0;
		};
		6D5A028718BB927500237215 /* Sources */ = {
			isa = PBXSourcesBuildPhase;
			buildActionMask = 2147483647;
			files = (
				6DA4E950192FB12B002A20E6 /* EXORpcClientResourceTest.m in Sources */,
				6DCD642F1937822500BD34C6 /* EXORpcDropRequestTest.m in Sources */,
				6DEE7109192681BF001F473F /* EXORpcUnmapRequestTest.m in Sources */,
				6DCD6431193784DF00BD34C6 /* EXORpcFlushRequestTest.m in Sources */,
				6D2F151F1906CE3E00E71A00 /* EXORpcLookupRequestTests.m in Sources */,
				6D2F15211906D0A400E71A00 /* EXORpcMapRequestTest.m in Sources */,
				6D35FAA519197088007458AF /* EXORpcValueTest.m in Sources */,
				6D28F89D18F448E40060A270 /* EXORpcInfoRequestTests.m in Sources */,
				6DA4E94E192FAE0F002A20E6 /* EXORpcActivateRequestTest.m in Sources */,
				6D28F89F18F4492B0060A270 /* EXORpcResourceIDTests.m in Sources */,
				6DCC288C18D5318900DF7CD8 /* EXORpcAuthKeyTests.m in Sources */,
				6D20946A1921113800B79CB5 /* EXORpcRevokeRequestTest.m in Sources */,
				6DA4E952192FCBE3002A20E6 /* EXORpcDispatchResourceTest.m in Sources */,
				6DCD642D193780E700BD34C6 /* EXORpcDeactivateRequestTest.m in Sources */,
				6D4DD597190947ED00E63349 /* EXORpcDataportResourceTest.m in Sources */,
				6D4DD595190946A000E63349 /* EXORpcResourceRetentionTest.m in Sources */,
				6D209455191BB9EB00B79CB5 /* EXORpcRecordRequestTest.m in Sources */,
			);
			runOnlyForDeploymentPostprocessing = 0;
		};
/* End PBXSourcesBuildPhase section */

/* Begin PBXTargetDependency section */
		6D5A029118BB927500237215 /* PBXTargetDependency */ = {
			isa = PBXTargetDependency;
			target = 6D5A026618BB927500237215 /* CocoaOnePExample */;
			targetProxy = 6D5A029018BB927500237215 /* PBXContainerItemProxy */;
		};
/* End PBXTargetDependency section */

/* Begin PBXVariantGroup section */
		6D5A027318BB927500237215 /* InfoPlist.strings */ = {
			isa = PBXVariantGroup;
			children = (
				6D5A027418BB927500237215 /* en */,
			);
			name = InfoPlist.strings;
			sourceTree = "<group>";
		};
		6D5A027C18BB927500237215 /* Main_iPhone.storyboard */ = {
			isa = PBXVariantGroup;
			children = (
				6D5A027D18BB927500237215 /* Base */,
			);
			name = Main_iPhone.storyboard;
			sourceTree = "<group>";
		};
		6D5A027F18BB927500237215 /* Main_iPad.storyboard */ = {
			isa = PBXVariantGroup;
			children = (
				6D5A028018BB927500237215 /* Base */,
			);
			name = Main_iPad.storyboard;
			sourceTree = "<group>";
		};
		6D5A029518BB927500237215 /* InfoPlist.strings */ = {
			isa = PBXVariantGroup;
			children = (
				6D5A029618BB927500237215 /* en */,
			);
			name = InfoPlist.strings;
			sourceTree = "<group>";
		};
/* End PBXVariantGroup section */

/* Begin XCBuildConfiguration section */
		6D5A029A18BB927500237215 /* Debug */ = {
			isa = XCBuildConfiguration;
			buildSettings = {
				ALWAYS_SEARCH_USER_PATHS = NO;
				CLANG_CXX_LANGUAGE_STANDARD = "gnu++0x";
				CLANG_CXX_LIBRARY = "libc++";
				CLANG_ENABLE_MODULES = YES;
				CLANG_ENABLE_OBJC_ARC = YES;
				CLANG_WARN_BOOL_CONVERSION = YES;
				CLANG_WARN_CONSTANT_CONVERSION = YES;
				CLANG_WARN_DIRECT_OBJC_ISA_USAGE = YES_ERROR;
				CLANG_WARN_EMPTY_BODY = YES;
				CLANG_WARN_ENUM_CONVERSION = YES;
				CLANG_WARN_INT_CONVERSION = YES;
				CLANG_WARN_OBJC_ROOT_CLASS = YES_ERROR;
				CLANG_WARN__DUPLICATE_METHOD_MATCH = YES;
				"CODE_SIGN_IDENTITY[sdk=iphoneos*]" = "iPhone Developer";
				COPY_PHASE_STRIP = NO;
				GCC_C_LANGUAGE_STANDARD = gnu99;
				GCC_DYNAMIC_NO_PIC = NO;
				GCC_OPTIMIZATION_LEVEL = 0;
				GCC_PREPROCESSOR_DEFINITIONS = (
					"DEBUG=1",
					"$(inherited)",
				);
				GCC_SYMBOLS_PRIVATE_EXTERN = NO;
				GCC_WARN_64_TO_32_BIT_CONVERSION = YES;
				GCC_WARN_ABOUT_RETURN_TYPE = YES_ERROR;
				GCC_WARN_UNDECLARED_SELECTOR = YES;
				GCC_WARN_UNINITIALIZED_AUTOS = YES;
				GCC_WARN_UNUSED_FUNCTION = YES;
				GCC_WARN_UNUSED_VARIABLE = YES;
				IPHONEOS_DEPLOYMENT_TARGET = 7.0;
				ONLY_ACTIVE_ARCH = YES;
				SDKROOT = iphoneos;
				TARGETED_DEVICE_FAMILY = "1,2";
			};
			name = Debug;
		};
		6D5A029B18BB927500237215 /* Release */ = {
			isa = XCBuildConfiguration;
			buildSettings = {
				ALWAYS_SEARCH_USER_PATHS = NO;
				CLANG_CXX_LANGUAGE_STANDARD = "gnu++0x";
				CLANG_CXX_LIBRARY = "libc++";
				CLANG_ENABLE_MODULES = YES;
				CLANG_ENABLE_OBJC_ARC = YES;
				CLANG_WARN_BOOL_CONVERSION = YES;
				CLANG_WARN_CONSTANT_CONVERSION = YES;
				CLANG_WARN_DIRECT_OBJC_ISA_USAGE = YES_ERROR;
				CLANG_WARN_EMPTY_BODY = YES;
				CLANG_WARN_ENUM_CONVERSION = YES;
				CLANG_WARN_INT_CONVERSION = YES;
				CLANG_WARN_OBJC_ROOT_CLASS = YES_ERROR;
				CLANG_WARN__DUPLICATE_METHOD_MATCH = YES;
				"CODE_SIGN_IDENTITY[sdk=iphoneos*]" = "iPhone Developer";
				COPY_PHASE_STRIP = YES;
				ENABLE_NS_ASSERTIONS = NO;
				GCC_C_LANGUAGE_STANDARD = gnu99;
				GCC_WARN_64_TO_32_BIT_CONVERSION = YES;
				GCC_WARN_ABOUT_RETURN_TYPE = YES_ERROR;
				GCC_WARN_UNDECLARED_SELECTOR = YES;
				GCC_WARN_UNINITIALIZED_AUTOS = YES;
				GCC_WARN_UNUSED_FUNCTION = YES;
				GCC_WARN_UNUSED_VARIABLE = YES;
				IPHONEOS_DEPLOYMENT_TARGET = 7.0;
				SDKROOT = iphoneos;
				TARGETED_DEVICE_FAMILY = "1,2";
				VALIDATE_PRODUCT = YES;
			};
			name = Release;
		};
		6D5A029D18BB927500237215 /* Debug */ = {
			isa = XCBuildConfiguration;
			baseConfigurationReference = E0E9FB18997D46AA84CE96FD /* Pods.xcconfig */;
			buildSettings = {
				ASSETCATALOG_COMPILER_APPICON_NAME = AppIcon;
				ASSETCATALOG_COMPILER_LAUNCHIMAGE_NAME = LaunchImage;
				CODE_SIGN_IDENTITY = "iPhone Developer";
				GCC_PRECOMPILE_PREFIX_HEADER = YES;
				GCC_PREFIX_HEADER = "CocoaOnePExample/CocoaOnePExample-Prefix.pch";
				INFOPLIST_FILE = "CocoaOnePExample/CocoaOnePExample-Info.plist";
				PRODUCT_NAME = "$(TARGET_NAME)";
				WRAPPER_EXTENSION = app;
			};
			name = Debug;
		};
		6D5A029E18BB927500237215 /* Release */ = {
			isa = XCBuildConfiguration;
			baseConfigurationReference = E0E9FB18997D46AA84CE96FD /* Pods.xcconfig */;
			buildSettings = {
				ASSETCATALOG_COMPILER_APPICON_NAME = AppIcon;
				ASSETCATALOG_COMPILER_LAUNCHIMAGE_NAME = LaunchImage;
				CODE_SIGN_IDENTITY = "iPhone Developer";
				GCC_PRECOMPILE_PREFIX_HEADER = YES;
				GCC_PREFIX_HEADER = "CocoaOnePExample/CocoaOnePExample-Prefix.pch";
				INFOPLIST_FILE = "CocoaOnePExample/CocoaOnePExample-Info.plist";
				PRODUCT_NAME = "$(TARGET_NAME)";
				WRAPPER_EXTENSION = app;
			};
			name = Release;
		};
		6D5A02A018BB927500237215 /* Debug */ = {
			isa = XCBuildConfiguration;
			baseConfigurationReference = E0E9FB18997D46AA84CE96FD /* Pods.xcconfig */;
			buildSettings = {
				BUNDLE_LOADER = "$(BUILT_PRODUCTS_DIR)/CocoaOnePExample.app/CocoaOnePExample";
				FRAMEWORK_SEARCH_PATHS = (
					"$(SDKROOT)/Developer/Library/Frameworks",
					"$(inherited)",
					"$(DEVELOPER_FRAMEWORKS_DIR)",
				);
				GCC_PRECOMPILE_PREFIX_HEADER = YES;
				GCC_PREFIX_HEADER = "CocoaOnePExample/CocoaOnePExample-Prefix.pch";
				GCC_PREPROCESSOR_DEFINITIONS = (
					"DEBUG=1",
					"$(inherited)",
				);
				INFOPLIST_FILE = "CocoaOnePExampleTests/CocoaOnePExampleTests-Info.plist";
				PRODUCT_NAME = "$(TARGET_NAME)";
				TEST_HOST = "$(BUNDLE_LOADER)";
				WRAPPER_EXTENSION = xctest;
			};
			name = Debug;
		};
		6D5A02A118BB927500237215 /* Release */ = {
			isa = XCBuildConfiguration;
			baseConfigurationReference = E0E9FB18997D46AA84CE96FD /* Pods.xcconfig */;
			buildSettings = {
				BUNDLE_LOADER = "$(BUILT_PRODUCTS_DIR)/CocoaOnePExample.app/CocoaOnePExample";
				FRAMEWORK_SEARCH_PATHS = (
					"$(SDKROOT)/Developer/Library/Frameworks",
					"$(inherited)",
					"$(DEVELOPER_FRAMEWORKS_DIR)",
				);
				GCC_PRECOMPILE_PREFIX_HEADER = YES;
				GCC_PREFIX_HEADER = "CocoaOnePExample/CocoaOnePExample-Prefix.pch";
				INFOPLIST_FILE = "CocoaOnePExampleTests/CocoaOnePExampleTests-Info.plist";
				PRODUCT_NAME = "$(TARGET_NAME)";
				TEST_HOST = "$(BUNDLE_LOADER)";
				WRAPPER_EXTENSION = xctest;
			};
			name = Release;
		};
/* End XCBuildConfiguration section */

/* Begin XCConfigurationList section */
		6D5A026218BB927500237215 /* Build configuration list for PBXProject "CocoaOnePExample" */ = {
			isa = XCConfigurationList;
			buildConfigurations = (
				6D5A029A18BB927500237215 /* Debug */,
				6D5A029B18BB927500237215 /* Release */,
			);
			defaultConfigurationIsVisible = 0;
			defaultConfigurationName = Release;
		};
		6D5A029C18BB927500237215 /* Build configuration list for PBXNativeTarget "CocoaOnePExample" */ = {
			isa = XCConfigurationList;
			buildConfigurations = (
				6D5A029D18BB927500237215 /* Debug */,
				6D5A029E18BB927500237215 /* Release */,
			);
			defaultConfigurationIsVisible = 0;
			defaultConfigurationName = Release;
		};
		6D5A029F18BB927500237215 /* Build configuration list for PBXNativeTarget "CocoaOnePExampleTests" */ = {
			isa = XCConfigurationList;
			buildConfigurations = (
				6D5A02A018BB927500237215 /* Debug */,
				6D5A02A118BB927500237215 /* Release */,
			);
			defaultConfigurationIsVisible = 0;
			defaultConfigurationName = Release;
		};
/* End XCConfigurationList section */
	};
	rootObject = 6D5A025F18BB927500237215 /* Project object */;
}
