PODS:
  - AFNetworking (2.4.1):
    - AFNetworking/NSURLConnection
    - AFNetworking/NSURLSession
    - AFNetworking/Reachability
    - AFNetworking/Security
    - AFNetworking/Serialization
    - AFNetworking/UIKit
  - AFNetworking/NSURLConnection (2.4.1):
    - AFNetworking/Reachability
    - AFNetworking/Security
    - AFNetworking/Serialization
  - AFNetworking/NSURLSession (2.4.1):
    - AFNetworking/Reachability
    - AFNetworking/Security
    - AFNetworking/Serialization
  - AFNetworking/Reachability (2.4.1)
  - AFNetworking/Security (2.4.1)
  - AFNetworking/Serialization (2.4.1)
  - AFNetworking/UIKit (2.4.1):
    - AFNetworking/NSURLConnection
    - AFNetworking/NSURLSession
  - CocoaOneP (0.4.0):
    - AFNetworking (~> 2.2)
    - CocoaOneP/All
    - CocoaOneP/HTTP
    - CocoaOneP/Portal
    - CocoaOneP/RPC
  - CocoaOneP/All (0.4.0):
    - AFNetworking (~> 2.2)
    - CocoaOneP/HTTP
    - CocoaOneP/Portal
    - CocoaOneP/RPC
  - CocoaOneP/HTTP (0.4.0):
    - AFNetworking (~> 2.2)
  - CocoaOneP/Portal (0.4.0):
    - AFNetworking (~> 2.2)
  - CocoaOneP/RPC (0.4.0):
    - AFNetworking (~> 2.2)
  - Lockbox (2.0.0)

DEPENDENCIES:
  - CocoaOneP (from `../CocoaOneP.podspec`)
  - Lockbox

EXTERNAL SOURCES:
  CocoaOneP:
    :path: ../CocoaOneP.podspec

SPEC CHECKSUMS:
  AFNetworking: 0aabc6fae66d6e5d039eeb21c315843c7aae51ab
  CocoaOneP: 4b13b4aab9b7da09c383af9406de899214b58d60
  Lockbox: d1bada30011f98141383da4f2e8df9cc5e8bcf0f

COCOAPODS: 0.34.4
