PODS:
  - AFNetworking (2.5.0):
    - AFNetworking/NSURLConnection
    - AFNetworking/NSURLSession
    - AFNetworking/Reachability
    - AFNetworking/Security
    - AFNetworking/Serialization
    - AFNetworking/UIKit
  - AFNetworking/NSURLConnection (2.5.0):
    - AFNetworking/Reachability
    - AFNetworking/Security
    - AFNetworking/Serialization
  - AFNetworking/NSURLSession (2.5.0):
    - AFNetworking/Reachability
    - AFNetworking/Security
    - AFNetworking/Serialization
  - AFNetworking/Reachability (2.5.0)
  - AFNetworking/Security (2.5.0)
  - AFNetworking/Serialization (2.5.0)
  - AFNetworking/UIKit (2.5.0):
    - AFNetworking/NSURLConnection
    - AFNetworking/NSURLSession
  - CocoaOneP (0.4.1):
    - AFNetworking (~> 2.2)
    - CocoaOneP/All
    - CocoaOneP/HTTP
    - CocoaOneP/Portal
    - CocoaOneP/RPC
  - CocoaOneP/All (0.4.1):
    - AFNetworking (~> 2.2)
    - CocoaOneP/HTTP
    - CocoaOneP/Portal
    - CocoaOneP/RPC
  - CocoaOneP/HTTP (0.4.1):
    - AFNetworking (~> 2.2)
  - CocoaOneP/Portal (0.4.1):
    - AFNetworking (~> 2.2)
  - CocoaOneP/RPC (0.4.1):
    - AFNetworking (~> 2.2)
  - Lockbox (2.1.0)

DEPENDENCIES:
  - CocoaOneP (from `../CocoaOneP.podspec`)
  - Lockbox

EXTERNAL SOURCES:
  CocoaOneP:
    :path: ../CocoaOneP.podspec

SPEC CHECKSUMS:
  AFNetworking: 0f54cb5d16ce38c1b76948faffb8d5fb705021c7
  CocoaOneP: 185f1ce0c45380e0eeaf03d4eb5e4aad7fd575e4
  Lockbox: 3168f08cb26680b05a0702b8c0cc6da32788059d

COCOAPODS: 0.34.4
